<?xml version="1.0" encoding="utf-8"?>
<Project ToolsVersion="4.0" xmlns="http://schemas.microsoft.com/developer/msbuild/2003">
  <ItemGroup>
    <ClCompile Include="Win32_Rasterizer.cpp" />
    <ClCompile Include="..\..\Externals\tinyrenderer\model.cpp">
      <Filter>Externals</Filter>
    </ClCompile>
    <ClCompile Include="..\..\Externals\tinyrenderer\tgaimage.cpp">
      <Filter>Externals</Filter>
    </ClCompile>
  </ItemGroup>
  <ItemGroup>
    <Filter Include="Externals">
      <UniqueIdentifier>{7de77ec8-2eb8-4de0-bd2c-788f9fe4ce95}</UniqueIdentifier>
    </Filter>
  </ItemGroup>
  <ItemGroup>
    <ClInclude Include="..\..\Externals\tinyrenderer\model.h">
      <Filter>Externals</Filter>
    </ClInclude>
    <ClInclude Include="..\..\Externals\tinyrenderer\tgaimage.h">
      <Filter>Externals</Filter>
    </ClInclude>
    <ClInclude Include="..\..\Externals\tinyrenderer\geometry.h">
      <Filter>Externals</Filter>
    </ClInclude>
  </ItemGroup>
</Project>